
Microsoft Visual Studio Solution File, Format Version 12.00
# Visual Studio 14
VisualStudioVersion = 14.0.25420.1
MinimumVisualStudioVersion = 10.0.40219.1
Project("{2150E333-8FDC-42A3-9474-1A3956D46DE8}") = "src", "src", "{50FB1F19-5185-4D27-A494-990899C1DF68}"
EndProject
Project("{2150E333-8FDC-42A3-9474-1A3956D46DE8}") = "Solution Items", "Solution Items", "{1D4D3147-35E3-46AC-B90B-79149C6CDA1D}"
	ProjectSection(SolutionItems) = preProject
		global.json = global.json
	EndProjectSection
EndProject
Project("{8BB2217D-0F2D-49D1-97BC-3654ED321F3B}") = "BeaconPoint", "src\BeaconPoint.xproj", "{0380A362-8C5F-42BF-947A-8F22E0A08639}"
EndProject
Global
	GlobalSection(SolutionConfigurationPlatforms) = preSolution
		Debug|Any CPU = Debug|Any CPU
		Release|Any CPU = Release|Any CPU
	EndGlobalSection
	GlobalSection(ProjectConfigurationPlatforms) = postSolution
		{0380A362-8C5F-42BF-947A-8F22E0A08639}.Debug|Any CPU.ActiveCfg = Debug|Any CPU
		{0380A362-8C5F-42BF-947A-8F22E0A08639}.Debug|Any CPU.Build.0 = Debug|Any CPU
		{0380A362-8C5F-42BF-947A-8F22E0A08639}.Release|Any CPU.ActiveCfg = Release|Any CPU
		{0380A362-8C5F-42BF-947A-8F22E0A08639}.Release|Any CPU.Build.0 = Release|Any CPU
	EndGlobalSection
	GlobalSection(SolutionProperties) = preSolution
		HideSolutionNode = FALSE
	EndGlobalSection
	GlobalSection(NestedProjects) = preSolution
		{0380A362-8C5F-42BF-947A-8F22E0A08639} = {50FB1F19-5185-4D27-A494-990899C1DF68}
	EndGlobalSection
EndGlobal
